
Microsoft Visual Studio Solution File, Format Version 12.00
# Visual Studio Version 16
VisualStudioVersion = 16.0.31402.337
MinimumVisualStudioVersion = 10.0.40219.1
Project("{FAE04EC0-301F-11D3-BF4B-00C04F79EFBC}") = "console_enter_your_something", "console_enter_your_something\console_enter_your_something.csproj", "{B8D3CCEE-6F01-4F02-B97A-B098C973982B}"
EndProject
Global
	GlobalSection(SolutionConfigurationPlatforms) = preSolution
		Debug|Any CPU = Debug|Any CPU
		Release|Any CPU = Release|Any CPU
	EndGlobalSection
	GlobalSection(ProjectConfigurationPlatforms) = postSolution
		{B8D3CCEE-6F01-4F02-B97A-B098C973982B}.Debug|Any CPU.ActiveCfg = Debug|Any CPU
		{B8D3CCEE-6F01-4F02-B97A-B098C973982B}.Debug|Any CPU.Build.0 = Debug|Any CPU
		{B8D3CCEE-6F01-4F02-B97A-B098C973982B}.Release|Any CPU.ActiveCfg = Release|Any CPU
		{B8D3CCEE-6F01-4F02-B97A-B098C973982B}.Release|Any CPU.Build.0 = Release|Any CPU
	EndGlobalSection
	GlobalSection(SolutionProperties) = preSolution
		HideSolutionNode = FALSE
	EndGlobalSection
	GlobalSection(ExtensibilityGlobals) = postSolution
		SolutionGuid = {7FCE09F7-4D9B-47B1-AE12-EA5E0489B72A}
	EndGlobalSection
EndGlobal
