
Microsoft Visual Studio Solution File, Format Version 12.00
# Visual Studio Version 16
VisualStudioVersion = 16.0.31402.337
MinimumVisualStudioVersion = 10.0.40219.1
Project("{FAE04EC0-301F-11D3-BF4B-00C04F79EFBC}") = "cycle_from_zero_to_ten", "cycle_from_zero_to_ten\cycle_from_zero_to_ten.csproj", "{69E1FCCF-CB41-43CF-A933-E3D6FA3D4E9D}"
EndProject
Global
	GlobalSection(SolutionConfigurationPlatforms) = preSolution
		Debug|Any CPU = Debug|Any CPU
		Release|Any CPU = Release|Any CPU
	EndGlobalSection
	GlobalSection(ProjectConfigurationPlatforms) = postSolution
		{69E1FCCF-CB41-43CF-A933-E3D6FA3D4E9D}.Debug|Any CPU.ActiveCfg = Debug|Any CPU
		{69E1FCCF-CB41-43CF-A933-E3D6FA3D4E9D}.Debug|Any CPU.Build.0 = Debug|Any CPU
		{69E1FCCF-CB41-43CF-A933-E3D6FA3D4E9D}.Release|Any CPU.ActiveCfg = Release|Any CPU
		{69E1FCCF-CB41-43CF-A933-E3D6FA3D4E9D}.Release|Any CPU.Build.0 = Release|Any CPU
	EndGlobalSection
	GlobalSection(SolutionProperties) = preSolution
		HideSolutionNode = FALSE
	EndGlobalSection
	GlobalSection(ExtensibilityGlobals) = postSolution
		SolutionGuid = {066D9060-8A6E-4BF5-B2C1-D5D9EB4C9EBA}
	EndGlobalSection
EndGlobal
