
Microsoft Visual Studio Solution File, Format Version 12.00
# Visual Studio Version 16
VisualStudioVersion = 16.0.31402.337
MinimumVisualStudioVersion = 10.0.40219.1
Project("{FAE04EC0-301F-11D3-BF4B-00C04F79EFBC}") = "recursion_factorial", "recursion_factorial\recursion_factorial.csproj", "{F19F9581-5508-48A3-8DAB-1DBDF22CCCA2}"
EndProject
Global
	GlobalSection(SolutionConfigurationPlatforms) = preSolution
		Debug|Any CPU = Debug|Any CPU
		Release|Any CPU = Release|Any CPU
	EndGlobalSection
	GlobalSection(ProjectConfigurationPlatforms) = postSolution
		{F19F9581-5508-48A3-8DAB-1DBDF22CCCA2}.Debug|Any CPU.ActiveCfg = Debug|Any CPU
		{F19F9581-5508-48A3-8DAB-1DBDF22CCCA2}.Debug|Any CPU.Build.0 = Debug|Any CPU
		{F19F9581-5508-48A3-8DAB-1DBDF22CCCA2}.Release|Any CPU.ActiveCfg = Release|Any CPU
		{F19F9581-5508-48A3-8DAB-1DBDF22CCCA2}.Release|Any CPU.Build.0 = Release|Any CPU
	EndGlobalSection
	GlobalSection(SolutionProperties) = preSolution
		HideSolutionNode = FALSE
	EndGlobalSection
	GlobalSection(ExtensibilityGlobals) = postSolution
		SolutionGuid = {A22D7185-7770-42A2-95FF-67C96F8B82B5}
	EndGlobalSection
EndGlobal
