
Microsoft Visual Studio Solution File, Format Version 12.00
# Visual Studio Version 16
VisualStudioVersion = 16.0.31402.337
MinimumVisualStudioVersion = 10.0.40219.1
Project("{FAE04EC0-301F-11D3-BF4B-00C04F79EFBC}") = "array_negative_numbers", "array_negative_numbers\array_negative_numbers.csproj", "{23FA1090-9EBD-4D69-AFFC-85F232286626}"
EndProject
Global
	GlobalSection(SolutionConfigurationPlatforms) = preSolution
		Debug|Any CPU = Debug|Any CPU
		Release|Any CPU = Release|Any CPU
	EndGlobalSection
	GlobalSection(ProjectConfigurationPlatforms) = postSolution
		{23FA1090-9EBD-4D69-AFFC-85F232286626}.Debug|Any CPU.ActiveCfg = Debug|Any CPU
		{23FA1090-9EBD-4D69-AFFC-85F232286626}.Debug|Any CPU.Build.0 = Debug|Any CPU
		{23FA1090-9EBD-4D69-AFFC-85F232286626}.Release|Any CPU.ActiveCfg = Release|Any CPU
		{23FA1090-9EBD-4D69-AFFC-85F232286626}.Release|Any CPU.Build.0 = Release|Any CPU
	EndGlobalSection
	GlobalSection(SolutionProperties) = preSolution
		HideSolutionNode = FALSE
	EndGlobalSection
	GlobalSection(ExtensibilityGlobals) = postSolution
		SolutionGuid = {77D7BD4A-AC60-44CF-BE42-150A9152E7D2}
	EndGlobalSection
EndGlobal
