
Microsoft Visual Studio Solution File, Format Version 12.00
# Visual Studio Version 16
VisualStudioVersion = 16.0.31402.337
MinimumVisualStudioVersion = 10.0.40219.1
Project("{FAE04EC0-301F-11D3-BF4B-00C04F79EFBC}") = "indexers_football_team", "indexers_football_team\indexers_football_team.csproj", "{A899F3F0-111A-400E-AE0D-BBBD3D3F9E69}"
EndProject
Global
	GlobalSection(SolutionConfigurationPlatforms) = preSolution
		Debug|Any CPU = Debug|Any CPU
		Release|Any CPU = Release|Any CPU
	EndGlobalSection
	GlobalSection(ProjectConfigurationPlatforms) = postSolution
		{A899F3F0-111A-400E-AE0D-BBBD3D3F9E69}.Debug|Any CPU.ActiveCfg = Debug|Any CPU
		{A899F3F0-111A-400E-AE0D-BBBD3D3F9E69}.Debug|Any CPU.Build.0 = Debug|Any CPU
		{A899F3F0-111A-400E-AE0D-BBBD3D3F9E69}.Release|Any CPU.ActiveCfg = Release|Any CPU
		{A899F3F0-111A-400E-AE0D-BBBD3D3F9E69}.Release|Any CPU.Build.0 = Release|Any CPU
	EndGlobalSection
	GlobalSection(SolutionProperties) = preSolution
		HideSolutionNode = FALSE
	EndGlobalSection
	GlobalSection(ExtensibilityGlobals) = postSolution
		SolutionGuid = {1666697E-B8CE-4451-A66A-0E11CE79D7B6}
	EndGlobalSection
EndGlobal
